// !$*UTF8*$!
{
	archiveVersion = 1;
	classes = {
	};
	objectVersion = 46;
	objects = {

/* Begin PBXBuildFile section */
		1FE2A387215A584E000809E0 /* AppDelegate.swift in Sources */ = {isa = PBXBuildFile; fileRef = 1FE2A386215A584E000809E0 /* AppDelegate.swift */; };
		1FE2A389215A584E000809E0 /* ViewController.swift in Sources */ = {isa = PBXBuildFile; fileRef = 1FE2A388215A584E000809E0 /* ViewController.swift */; };
		1FE2A38C215A584E000809E0 /* Main.storyboard in Resources */ = {isa = PBXBuildFile; fileRef = 1FE2A38A215A584E000809E0 /* Main.storyboard */; };
		1FE2A38E215A584E000809E0 /* Assets.xcassets in Resources */ = {isa = PBXBuildFile; fileRef = 1FE2A38D215A584E000809E0 /* Assets.xcassets */; };
		1FE2A391215A584E000809E0 /* LaunchScreen.storyboard in Resources */ = {isa = PBXBuildFile; fileRef = 1FE2A38F215A584E000809E0 /* LaunchScreen.storyboard */; };
/* End PBXBuildFile section */

/* Begin PBXFileReference section */
		1FE2A383215A584E000809E0 /* iOS_Swift.app */ = {isa = PBXFileReference; explicitFileType = wrapper.application; includeInIndex = 0; path = iOS_Swift.app; sourceTree = BUILT_PRODUCTS_DIR; };
		1FE2A386215A584E000809E0 /* AppDelegate.swift */ = {isa = PBXFileReference; lastKnownFileType = sourcecode.swift; path = AppDelegate.swift; sourceTree = "<group>"; };
		1FE2A388215A584E000809E0 /* ViewController.swift */ = {isa = PBXFileReference; lastKnownFileType = sourcecode.swift; path = ViewController.swift; sourceTree = "<group>"; };
		1FE2A38B215A584E000809E0 /* Base */ = {isa = PBXFileReference; lastKnownFileType = file.storyboard; name = Base; path = Base.lproj/Main.storyboard; sourceTree = "<group>"; };
		1FE2A38D215A584E000809E0 /* Assets.xcassets */ = {isa = PBXFileReference; lastKnownFileType = folder.assetcatalog; path = Assets.xcassets; sourceTree = "<group>"; };
		1FE2A390215A584E000809E0 /* Base */ = {isa = PBXFileReference; lastKnownFileType = file.storyboard; name = Base; path = Base.lproj/LaunchScreen.storyboard; sourceTree = "<group>"; };
		1FE2A392215A584E000809E0 /* Info.plist */ = {isa = PBXFileReference; lastKnownFileType = text.plist.xml; path = Info.plist; sourceTree = "<group>"; };
		1FE2A398215A58CF000809E0 /* MyPlayground.playground */ = {isa = PBXFileReference; lastKnownFileType = file.playground; path = MyPlayground.playground; sourceTree = "<group>"; };
/* End PBXFileReference section */

/* Begin PBXFrameworksBuildPhase section */
		1FE2A380215A584E000809E0 /* Frameworks */ = {
			isa = PBXFrameworksBuildPhase;
			buildActionMask = 2147483647;
			files = (
			);
			runOnlyForDeploymentPostprocessing = 0;
		};
/* End PBXFrameworksBuildPhase section */

/* Begin PBXGroup section */
		1FE2A37A215A584E000809E0 = {
			isa = PBXGroup;
			children = (
				1FE2A398215A58CF000809E0 /* MyPlayground.playground */,
				1FE2A385215A584E000809E0 /* iOS_Swift */,
				1FE2A384215A584E000809E0 /* Products */,
			);
			sourceTree = "<group>";
		};
		1FE2A384215A584E000809E0 /* Products */ = {
			isa = PBXGroup;
			children = (
				1FE2A383215A584E000809E0 /* iOS_Swift.app */,
			);
			name = Products;
			sourceTree = "<group>";
		};
		1FE2A385215A584E000809E0 /* iOS_Swift */ = {
			isa = PBXGroup;
			children = (
				1FE2A386215A584E000809E0 /* AppDelegate.swift */,
				1FE2A388215A584E000809E0 /* ViewController.swift */,
				1FE2A38A215A584E000809E0 /* Main.storyboard */,
				1FE2A38D215A584E000809E0 /* Assets.xcassets */,
				1FE2A38F215A584E000809E0 /* LaunchScreen.storyboard */,
				1FE2A392215A584E000809E0 /* Info.plist */,
			);
			path = iOS_Swift;
			sourceTree = "<group>";
		};
/* End PBXGroup section */

/* Begin PBXNativeTarget section */
		1FE2A382215A584E000809E0 /* iOS_Swift */ = {
			isa = PBXNativeTarget;
			buildConfigurationList = 1FE2A395215A584E000809E0 /* Build configuration list for PBXNativeTarget "iOS_Swift" */;
			buildPhases = (
				1FE2A37F215A584E000809E0 /* Sources */,
				1FE2A380215A584E000809E0 /* Frameworks */,
				1FE2A381215A584E000809E0 /* Resources */,
			);
			buildRules = (
			);
			dependencies = (
			);
			name = iOS_Swift;
			productName = iOS_Swift;
			productReference = 1FE2A383215A584E000809E0 /* iOS_Swift.app */;
			productType = "com.apple.product-type.application";
		};
/* End PBXNativeTarget section */

/* Begin PBXProject section */
		1FE2A37B215A584E000809E0 /* Project object */ = {
			isa = PBXProject;
			attributes = {
				LastSwiftUpdateCheck = 0830;
				LastUpgradeCheck = 0830;
				ORGANIZATIONNAME = "jeff guo";
				TargetAttributes = {
					1FE2A382215A584E000809E0 = {
						CreatedOnToolsVersion = 8.3.3;
						ProvisioningStyle = Automatic;
					};
				};
			};
			buildConfigurationList = 1FE2A37E215A584E000809E0 /* Build configuration list for PBXProject "iOS_Swift" */;
			compatibilityVersion = "Xcode 3.2";
			developmentRegion = English;
			hasScannedForEncodings = 0;
			knownRegions = (
				en,
				Base,
			);
			mainGroup = 1FE2A37A215A584E000809E0;
			productRefGroup = 1FE2A384215A584E000809E0 /* Products */;
			projectDirPath = "";
			projectRoot = "";
			targets = (
				1FE2A382215A584E000809E0 /* iOS_Swift */,
			);
		};
/* End PBXProject section */

/* Begin PBXResourcesBuildPhase section */
		1FE2A381215A584E000809E0 /* Resources */ = {
			isa = PBXResourcesBuildPhase;
			buildActionMask = 2147483647;
			files = (
				1FE2A391215A584E000809E0 /* LaunchScreen.storyboard in Resources */,
				1FE2A38E215A584E000809E0 /* Assets.xcassets in Resources */,
				1FE2A38C215A584E000809E0 /* Main.storyboard in Resources */,
			);
			runOnlyForDeploymentPostprocessing = 0;
		};
/* End PBXResourcesBuildPhase section */

/* Begin PBXSourcesBuildPhase section */
		1FE2A37F215A584E000809E0 /* Sources */ = {
			isa = PBXSourcesBuildPhase;
			buildActionMask = 2147483647;
			files = (
				1FE2A389215A584E000809E0 /* ViewController.swift in Sources */,
				1FE2A387215A584E000809E0 /* AppDelegate.swift in Sources */,
			);
			runOnlyForDeploymentPostprocessing = 0;
		};
/* End PBXSourcesBuildPhase section */

/* Begin PBXVariantGroup section */
		1FE2A38A215A584E000809E0 /* Main.storyboard */ = {
			isa = PBXVariantGroup;
			children = (
				1FE2A38B215A584E000809E0 /* Base */,
			);
			name = Main.storyboard;
			sourceTree = "<group>";
		};
		1FE2A38F215A584E000809E0 /* LaunchScreen.storyboard */ = {
			isa = PBXVariantGroup;
			children = (
				1FE2A390215A584E000809E0 /* Base */,
			);
			name = LaunchScreen.storyboard;
			sourceTree = "<group>";
		};
/* End PBXVariantGroup section */

/* Begin XCBuildConfiguration section */
		1FE2A393215A584E000809E0 /* Debug */ = {
			isa = XCBuildConfiguration;
			buildSettings = {
				ALWAYS_SEARCH_USER_PATHS = NO;
				CLANG_ANALYZER_NONNULL = YES;
				CLANG_ANALYZER_NUMBER_OBJECT_CONVERSION = YES_AGGRESSIVE;
				CLANG_CXX_LANGUAGE_STANDARD = "gnu++0x";
				CLANG_CXX_LIBRARY = "libc++";
				CLANG_ENABLE_MODULES = YES;
				CLANG_ENABLE_OBJC_ARC = YES;
				CLANG_WARN_BOOL_CONVERSION = YES;
				CLANG_WARN_CONSTANT_CONVERSION = YES;
				CLANG_WARN_DIRECT_OBJC_ISA_USAGE = YES_ERROR;
				CLANG_WARN_DOCUMENTATION_COMMENTS = YES;
				CLANG_WARN_EMPTY_BODY = YES;
				CLANG_WARN_ENUM_CONVERSION = YES;
				CLANG_WARN_INFINITE_RECURSION = YES;
				CLANG_WARN_INT_CONVERSION = YES;
				CLANG_WARN_OBJC_ROOT_CLASS = YES_ERROR;
				CLANG_WARN_SUSPICIOUS_MOVE = YES;
				CLANG_WARN_UNREACHABLE_CODE = YES;
				CLANG_WARN__DUPLICATE_METHOD_MATCH = YES;
				"CODE_SIGN_IDENTITY[sdk=iphoneos*]" = "iPhone Developer";
				COPY_PHASE_STRIP = NO;
				DEBUG_INFORMATION_FORMAT = dwarf;
				ENABLE_STRICT_OBJC_MSGSEND = YES;
				ENABLE_TESTABILITY = YES;
				GCC_C_LANGUAGE_STANDARD = gnu99;
				GCC_DYNAMIC_NO_PIC = NO;
				GCC_NO_COMMON_BLOCKS = YES;
				GCC_OPTIMIZATION_LEVEL = 0;
				GCC_PREPROCESSOR_DEFINITIONS = (
					"DEBUG=1",
					"$(inherited)",
				);
				GCC_WARN_64_TO_32_BIT_CONVERSION = YES;
				GCC_WARN_ABOUT_RETURN_TYPE = YES_ERROR;
				GCC_WARN_UNDECLARED_SELECTOR = YES;
				GCC_WARN_UNINITIALIZED_AUTOS = YES_AGGRESSIVE;
				GCC_WARN_UNUSED_FUNCTION = YES;
				GCC_WARN_UNUSED_VARIABLE = YES;
				IPHONEOS_DEPLOYMENT_TARGET = 10.3;
				MTL_ENABLE_DEBUG_INFO = YES;
				ONLY_ACTIVE_ARCH = YES;
				SDKROOT = iphoneos;
				SWIFT_ACTIVE_COMPILATION_CONDITIONS = DEBUG;
				SWIFT_OPTIMIZATION_LEVEL = "-Onone";
			};
			name = Debug;
		};
		1FE2A394215A584E000809E0 /* Release */ = {
			isa = XCBuildConfiguration;
			buildSettings = {
				ALWAYS_SEARCH_USER_PATHS = NO;
				CLANG_ANALYZER_NONNULL = YES;
				CLANG_ANALYZER_NUMBER_OBJECT_CONVERSION = YES_AGGRESSIVE;
				CLANG_CXX_LANGUAGE_STANDARD = "gnu++0x";
				CLANG_CXX_LIBRARY = "libc++";
				CLANG_ENABLE_MODULES = YES;
				CLANG_ENABLE_OBJC_ARC = YES;
				CLANG_WARN_BOOL_CONVERSION = YES;
				CLANG_WARN_CONSTANT_CONVERSION = YES;
				CLANG_WARN_DIRECT_OBJC_ISA_USAGE = YES_ERROR;
				CLANG_WARN_DOCUMENTATION_COMMENTS = YES;
				CLANG_WARN_EMPTY_BODY = YES;
				CLANG_WARN_ENUM_CONVERSION = YES;
				CLANG_WARN_INFINITE_RECURSION = YES;
				CLANG_WARN_INT_CONVERSION = YES;
				CLANG_WARN_OBJC_ROOT_CLASS = YES_ERROR;
				CLANG_WARN_SUSPICIOUS_MOVE = YES;
				CLANG_WARN_UNREACHABLE_CODE = YES;
				CLANG_WARN__DUPLICATE_METHOD_MATCH = YES;
				"CODE_SIGN_IDENTITY[sdk=iphoneos*]" = "iPhone Developer";
				COPY_PHASE_STRIP = NO;
				DEBUG_INFORMATION_FORMAT = "dwarf-with-dsym";
				ENABLE_NS_ASSERTIONS = NO;
				ENABLE_STRICT_OBJC_MSGSEND = YES;
				GCC_C_LANGUAGE_STANDARD = gnu99;
				GCC_NO_COMMON_BLOCKS = YES;
				GCC_WARN_64_TO_32_BIT_CONVERSION = YES;
				GCC_WARN_ABOUT_RETURN_TYPE = YES_ERROR;
				GCC_WARN_UNDECLARED_SELECTOR = YES;
				GCC_WARN_UNINITIALIZED_AUTOS = YES_AGGRESSIVE;
				GCC_WARN_UNUSED_FUNCTION = YES;
				GCC_WARN_UNUSED_VARIABLE = YES;
				IPHONEOS_DEPLOYMENT_TARGET = 10.3;
				MTL_ENABLE_DEBUG_INFO = NO;
				SDKROOT = iphoneos;
				SWIFT_OPTIMIZATION_LEVEL = "-Owholemodule";
				VALIDATE_PRODUCT = YES;
			};
			name = Release;
		};
		1FE2A396215A584E000809E0 /* Debug */ = {
			isa = XCBuildConfiguration;
			buildSettings = {
				ASSETCATALOG_COMPILER_APPICON_NAME = AppIcon;
				INFOPLIST_FILE = iOS_Swift/Info.plist;
				LD_RUNPATH_SEARCH_PATHS = "$(inherited) @executable_path/Frameworks";
				PRODUCT_BUNDLE_IDENTIFIER = "com.jeff.iOS-Swift";
				PRODUCT_NAME = "$(TARGET_NAME)";
				SWIFT_VERSION = 3.0;
			};
			name = Debug;
		};
		1FE2A397215A584E000809E0 /* Release */ = {
			isa = XCBuildConfiguration;
			buildSettings = {
				ASSETCATALOG_COMPILER_APPICON_NAME = AppIcon;
				INFOPLIST_FILE = iOS_Swift/Info.plist;
				LD_RUNPATH_SEARCH_PATHS = "$(inherited) @executable_path/Frameworks";
				PRODUCT_BUNDLE_IDENTIFIER = "com.jeff.iOS-Swift";
				PRODUCT_NAME = "$(TARGET_NAME)";
				SWIFT_VERSION = 3.0;
			};
			name = Release;
		};
/* End XCBuildConfiguration section */

/* Begin XCConfigurationList section */
		1FE2A37E215A584E000809E0 /* Build configuration list for PBXProject "iOS_Swift" */ = {
			isa = XCConfigurationList;
			buildConfigurations = (
				1FE2A393215A584E000809E0 /* Debug */,
				1FE2A394215A584E000809E0 /* Release */,
			);
			defaultConfigurationIsVisible = 0;
			defaultConfigurationName = Release;
		};
		1FE2A395215A584E000809E0 /* Build configuration list for PBXNativeTarget "iOS_Swift" */ = {
			isa = XCConfigurationList;
			buildConfigurations = (
				1FE2A396215A584E000809E0 /* Debug */,
				1FE2A397215A584E000809E0 /* Release */,
			);
			defaultConfigurationIsVisible = 0;
		};
/* End XCConfigurationList section */
	};
	rootObject = 1FE2A37B215A584E000809E0 /* Project object */;
}
